<?xml version="1.0" encoding="utf-8"?>
<Project ToolsVersion="4.0" xmlns="http://schemas.microsoft.com/developer/msbuild/2003">
  <ItemGroup>
    <Filter Include="Source Files">
      <UniqueIdentifier>{4FC737F1-C7A5-4376-A066-2A32D752A2FF}</UniqueIdentifier>
      <Extensions>cpp;c;cc;cxx;def;odl;idl;hpj;bat;asm;asmx</Extensions>
    </Filter>
    <Filter Include="Header Files">
      <UniqueIdentifier>{93995380-89BD-4b04-88EB-625FBE52EBFB}</UniqueIdentifier>
      <Extensions>h;hh;hpp;hxx;hm;inl;inc;xsd</Extensions>
    </Filter>
    <Filter Include="Resource Files">
      <UniqueIdentifier>{67DA6AB6-F800-4c08-8B7A-83BB121AAD01}</UniqueIdentifier>
      <Extensions>rc;ico;cur;bmp;dlg;rc2;rct;bin;rgs;gif;jpg;jpeg;jpe;resx;tiff;tif;png;wav;mfcribbon-ms</Extensions>
    </Filter>
    <Filter Include="Source Files\boost">
      <UniqueIdentifier>{2bbe5144-f70a-4ca9-ae17-b188a44eb2fc}</UniqueIdentifier>
    </Filter>
  </ItemGroup>
  <ItemGroup>
    <ClCompile Include="sources\astream.cpp">
      <Filter>Source Files</Filter>
    </ClCompile>
    <ClCompile Include="sources\stdafx.cpp">
      <Filter>Source Files</Filter>
    </ClCompile>
    <ClCompile Include="$(MSBuildThisFileDirectory)..\..\lib\native\src\boost_chrono.chrono.cpp">
      <Filter>Source Files\boost</Filter>
    </ClCompile>
    <ClCompile Include="$(MSBuildThisFileDirectory)..\..\lib\native\src\boost_chrono.process_cpu_clocks.cpp">
      <Filter>Source Files\boost</Filter>
    </ClCompile>
    <ClCompile Include="$(MSBuildThisFileDirectory)..\..\lib\native\src\boost_chrono.thread_clock.cpp">
      <Filter>Source Files\boost</Filter>
    </ClCompile>
    <ClCompile Include="$(MSBuildThisFileDirectory)..\..\lib\native\src\gregorian\boost_date_time.gregorian.date_generators.cpp">
      <Filter>Source Files\boost</Filter>
    </ClCompile>
    <ClCompile Include="$(MSBuildThisFileDirectory)..\..\lib\native\src\gregorian\boost_date_time.gregorian.greg_month.cpp">
      <Filter>Source Files\boost</Filter>
    </ClCompile>
    <ClCompile Include="$(MSBuildThisFileDirectory)..\..\lib\native\src\gregorian\boost_date_time.gregorian.greg_weekday.cpp">
      <Filter>Source Files\boost</Filter>
    </ClCompile>
    <ClCompile Include="$(MSBuildThisFileDirectory)..\..\lib\native\src\gregorian\boost_date_time.gregorian.gregorian_types.cpp">
      <Filter>Source Files\boost</Filter>
    </ClCompile>
    <ClCompile Include="$(MSBuildThisFileDirectory)..\..\lib\native\src\posix_time\boost_date_time.posix_time.posix_time_types.cpp">
      <Filter>Source Files\boost</Filter>
    </ClCompile>
    <ClCompile Include="$(MSBuildThisFileDirectory)..\..\lib\native\src\boost_program_options.cmdline.cpp">
      <Filter>Source Files\boost</Filter>
    </ClCompile>
    <ClCompile Include="$(MSBuildThisFileDirectory)..\..\lib\native\src\boost_program_options.config_file.cpp">
      <Filter>Source Files\boost</Filter>
    </ClCompile>
    <ClCompile Include="$(MSBuildThisFileDirectory)..\..\lib\native\src\boost_program_options.convert.cpp">
      <Filter>Source Files\boost</Filter>
    </ClCompile>
    <ClCompile Include="$(MSBuildThisFileDirectory)..\..\lib\native\src\boost_program_options.options_description.cpp">
      <Filter>Source Files\boost</Filter>
    </ClCompile>
    <ClCompile Include="$(MSBuildThisFileDirectory)..\..\lib\native\src\boost_program_options.parsers.cpp">
      <Filter>Source Files\boost</Filter>
    </ClCompile>
    <ClCompile Include="$(MSBuildThisFileDirectory)..\..\lib\native\src\boost_program_options.positional_options.cpp">
      <Filter>Source Files\boost</Filter>
    </ClCompile>
    <ClCompile Include="$(MSBuildThisFileDirectory)..\..\lib\native\src\boost_program_options.split.cpp">
      <Filter>Source Files\boost</Filter>
    </ClCompile>
    <ClCompile Include="$(MSBuildThisFileDirectory)..\..\lib\native\src\boost_program_options.utf8_codecvt_facet.cpp">
      <Filter>Source Files\boost</Filter>
    </ClCompile>
    <ClCompile Include="$(MSBuildThisFileDirectory)..\..\lib\native\src\boost_program_options.value_semantic.cpp">
      <Filter>Source Files\boost</Filter>
    </ClCompile>
    <ClCompile Include="$(MSBuildThisFileDirectory)..\..\lib\native\src\boost_program_options.variables_map.cpp">
      <Filter>Source Files\boost</Filter>
    </ClCompile>
    <ClCompile Include="$(MSBuildThisFileDirectory)..\..\lib\native\src\boost_program_options.winmain.cpp">
      <Filter>Source Files\boost</Filter>
    </ClCompile>
    <ClCompile Include="$(MSBuildThisFileDirectory)..\..\lib\native\src\boost_system.error_code.cpp">
      <Filter>Source Files\boost</Filter>
    </ClCompile>
    <ClCompile Include="$(MSBuildThisFileDirectory)..\..\lib\native\src\boost_thread.future.cpp">
      <Filter>Source Files\boost</Filter>
    </ClCompile>
    <ClCompile Include="$(MSBuildThisFileDirectory)..\..\lib\native\src\boost_thread.tss_null.cpp">
      <Filter>Source Files\boost</Filter>
    </ClCompile>
    <ClCompile Include="$(MSBuildThisFileDirectory)..\..\lib\native\src\win32\boost_thread.win32.thread.cpp">
      <Filter>Source Files\boost</Filter>
    </ClCompile>
    <ClCompile Include="$(MSBuildThisFileDirectory)..\..\lib\native\src\win32\boost_thread.win32.tss_dll.cpp">
      <Filter>Source Files\boost</Filter>
    </ClCompile>
    <ClCompile Include="$(MSBuildThisFileDirectory)..\..\lib\native\src\win32\boost_thread.win32.tss_pe.cpp">
      <Filter>Source Files\boost</Filter>
    </ClCompile>
  </ItemGroup>
  <ItemGroup>
    <None Include="packages.config" />
    <None Include="CMakeLists.txt" />
    <None Include="..\cmake\Modules\Findjson_spirit.cmake" />
  </ItemGroup>
  <ItemGroup>
    <ClInclude Include="sources\stdafx.h">
      <Filter>Header Files</Filter>
    </ClInclude>
    <ClInclude Include="sources\targetver.h">
      <Filter>Header Files</Filter>
    </ClInclude>
    <ClInclude Include="sources\astream_ErrorCode.h">
      <Filter>Header Files</Filter>
    </ClInclude>
  </ItemGroup>
  <ItemGroup>
    <CustomBuild Include="astream.conf" />
  </ItemGroup>
</Project>